
Microsoft Visual Studio Solution File, Format Version 12.00
# Visual Studio 14
VisualStudioVersion = 14.0.25420.1
MinimumVisualStudioVersion = 10.0.40219.1
Project("{8BC9CEB8-8B4A-11D0-8D11-00A0C91BC942}") = "Allocator", "Allocator\Allocator.vcxproj", "{1EA76AC9-D91C-48B3-B925-3E697A55E55A}"
	ProjectSection(ProjectDependencies) = postProject
		{6011DD5A-AAAD-451E-927A-65C4D5DB252D} = {6011DD5A-AAAD-451E-927A-65C4D5DB252D}
	EndProjectSection
EndProject
Project("{8BC9CEB8-8B4A-11D0-8D11-00A0C91BC942}") = "Allocators", "Allocators\Allocators.vcxproj", "{6011DD5A-AAAD-451E-927A-65C4D5DB252D}"
EndProject
Project("{8BC9CEB8-8B4A-11D0-8D11-00A0C91BC942}") = "PrintAllocator", "PrintAllocator\PrintAllocator.vcxproj", "{02A0EB07-40FC-4475-97AD-AEA77918234B}"
EndProject
Global
	GlobalSection(SolutionConfigurationPlatforms) = preSolution
		Debug|x64 = Debug|x64
		Debug|x86 = Debug|x86
		Release|x64 = Release|x64
		Release|x86 = Release|x86
	EndGlobalSection
	GlobalSection(ProjectConfigurationPlatforms) = postSolution
		{1EA76AC9-D91C-48B3-B925-3E697A55E55A}.Debug|x64.ActiveCfg = Debug|x64
		{1EA76AC9-D91C-48B3-B925-3E697A55E55A}.Debug|x64.Build.0 = Debug|x64
		{1EA76AC9-D91C-48B3-B925-3E697A55E55A}.Debug|x86.ActiveCfg = Debug|Win32
		{1EA76AC9-D91C-48B3-B925-3E697A55E55A}.Debug|x86.Build.0 = Debug|Win32
		{1EA76AC9-D91C-48B3-B925-3E697A55E55A}.Release|x64.ActiveCfg = Release|x64
		{1EA76AC9-D91C-48B3-B925-3E697A55E55A}.Release|x64.Build.0 = Release|x64
		{1EA76AC9-D91C-48B3-B925-3E697A55E55A}.Release|x86.ActiveCfg = Release|Win32
		{1EA76AC9-D91C-48B3-B925-3E697A55E55A}.Release|x86.Build.0 = Release|Win32
		{6011DD5A-AAAD-451E-927A-65C4D5DB252D}.Debug|x64.ActiveCfg = Debug|x64
		{6011DD5A-AAAD-451E-927A-65C4D5DB252D}.Debug|x64.Build.0 = Debug|x64
		{6011DD5A-AAAD-451E-927A-65C4D5DB252D}.Debug|x86.ActiveCfg = Debug|Win32
		{6011DD5A-AAAD-451E-927A-65C4D5DB252D}.Debug|x86.Build.0 = Debug|Win32
		{6011DD5A-AAAD-451E-927A-65C4D5DB252D}.Release|x64.ActiveCfg = Release|x64
		{6011DD5A-AAAD-451E-927A-65C4D5DB252D}.Release|x64.Build.0 = Release|x64
		{6011DD5A-AAAD-451E-927A-65C4D5DB252D}.Release|x86.ActiveCfg = Release|Win32
		{6011DD5A-AAAD-451E-927A-65C4D5DB252D}.Release|x86.Build.0 = Release|Win32
		{02A0EB07-40FC-4475-97AD-AEA77918234B}.Debug|x64.ActiveCfg = Debug|x64
		{02A0EB07-40FC-4475-97AD-AEA77918234B}.Debug|x64.Build.0 = Debug|x64
		{02A0EB07-40FC-4475-97AD-AEA77918234B}.Debug|x86.ActiveCfg = Debug|Win32
		{02A0EB07-40FC-4475-97AD-AEA77918234B}.Debug|x86.Build.0 = Debug|Win32
		{02A0EB07-40FC-4475-97AD-AEA77918234B}.Release|x64.ActiveCfg = Release|x64
		{02A0EB07-40FC-4475-97AD-AEA77918234B}.Release|x64.Build.0 = Release|x64
		{02A0EB07-40FC-4475-97AD-AEA77918234B}.Release|x86.ActiveCfg = Release|Win32
		{02A0EB07-40FC-4475-97AD-AEA77918234B}.Release|x86.Build.0 = Release|Win32
	EndGlobalSection
	GlobalSection(SolutionProperties) = preSolution
		HideSolutionNode = FALSE
	EndGlobalSection
EndGlobal
